
Microsoft Visual Studio Solution File, Format Version 12.00
# Visual Studio Version 17
VisualStudioVersion = 17.0.31903.59
MinimumVisualStudioVersion = 10.0.40219.1
Project("{2150E333-8FDC-42A3-9474-1A3956D46DE8}") = "src", "src", "{827E0CD3-B72D-47B6-A68D-7590B98EB39B}"
EndProject
Project("{FAE04EC0-301F-11D3-BF4B-00C04F79EFBC}") = "CardPlay.Domain", "src\CardPlay.Domain\CardPlay.Domain.csproj", "{88D664E0-A7D5-4F12-A298-89B21BA533B4}"
EndProject
Project("{FAE04EC0-301F-11D3-BF4B-00C04F79EFBC}") = "CardPlay.Application", "src\CardPlay.Application\CardPlay.Application.csproj", "{DCBF7B1B-8046-42D7-A09E-85E4E33DB886}"
EndProject
Project("{FAE04EC0-301F-11D3-BF4B-00C04F79EFBC}") = "CardPlay.Repository", "src\CardPlay.Repository\CardPlay.Repository.csproj", "{00775970-E66D-4266-A662-39EF80734CC5}"
EndProject
Project("{FAE04EC0-301F-11D3-BF4B-00C04F79EFBC}") = "CardPlay.Services", "src\CardPlay.Services\CardPlay.Services.csproj", "{57A097A0-E29B-43C0-B605-9AB500198564}"
EndProject
Project("{FAE04EC0-301F-11D3-BF4B-00C04F79EFBC}") = "CardPlay.Api", "src\CardPlay.Api\CardPlay.Api.csproj", "{D9219AC3-A2B5-404E-AC5E-48FF514E8AB3}"
EndProject
Project("{2150E333-8FDC-42A3-9474-1A3956D46DE8}") = "tests", "tests", "{0AB3BF05-4346-4AA6-1389-037BE0695223}"
EndProject
Project("{FAE04EC0-301F-11D3-BF4B-00C04F79EFBC}") = "CardPlay.Tests", "tests\CardPlay.Tests\CardPlay.Tests.csproj", "{1A19AD99-4B50-4CF8-8454-5A0E39734162}"
EndProject
Global
	GlobalSection(SolutionConfigurationPlatforms) = preSolution
		Debug|Any CPU = Debug|Any CPU
		Debug|x64 = Debug|x64
		Debug|x86 = Debug|x86
		Release|Any CPU = Release|Any CPU
		Release|x64 = Release|x64
		Release|x86 = Release|x86
	EndGlobalSection
	GlobalSection(ProjectConfigurationPlatforms) = postSolution
		{88D664E0-A7D5-4F12-A298-89B21BA533B4}.Debug|Any CPU.ActiveCfg = Debug|Any CPU
		{88D664E0-A7D5-4F12-A298-89B21BA533B4}.Debug|Any CPU.Build.0 = Debug|Any CPU
		{88D664E0-A7D5-4F12-A298-89B21BA533B4}.Debug|x64.ActiveCfg = Debug|Any CPU
		{88D664E0-A7D5-4F12-A298-89B21BA533B4}.Debug|x64.Build.0 = Debug|Any CPU
		{88D664E0-A7D5-4F12-A298-89B21BA533B4}.Debug|x86.ActiveCfg = Debug|Any CPU
		{88D664E0-A7D5-4F12-A298-89B21BA533B4}.Debug|x86.Build.0 = Debug|Any CPU
		{88D664E0-A7D5-4F12-A298-89B21BA533B4}.Release|Any CPU.ActiveCfg = Release|Any CPU
		{88D664E0-A7D5-4F12-A298-89B21BA533B4}.Release|Any CPU.Build.0 = Release|Any CPU
		{88D664E0-A7D5-4F12-A298-89B21BA533B4}.Release|x64.ActiveCfg = Release|Any CPU
		{88D664E0-A7D5-4F12-A298-89B21BA533B4}.Release|x64.Build.0 = Release|Any CPU
		{88D664E0-A7D5-4F12-A298-89B21BA533B4}.Release|x86.ActiveCfg = Release|Any CPU
		{88D664E0-A7D5-4F12-A298-89B21BA533B4}.Release|x86.Build.0 = Release|Any CPU
		{DCBF7B1B-8046-42D7-A09E-85E4E33DB886}.Debug|Any CPU.ActiveCfg = Debug|Any CPU
		{DCBF7B1B-8046-42D7-A09E-85E4E33DB886}.Debug|Any CPU.Build.0 = Debug|Any CPU
		{DCBF7B1B-8046-42D7-A09E-85E4E33DB886}.Debug|x64.ActiveCfg = Debug|Any CPU
		{DCBF7B1B-8046-42D7-A09E-85E4E33DB886}.Debug|x64.Build.0 = Debug|Any CPU
		{DCBF7B1B-8046-42D7-A09E-85E4E33DB886}.Debug|x86.ActiveCfg = Debug|Any CPU
		{DCBF7B1B-8046-42D7-A09E-85E4E33DB886}.Debug|x86.Build.0 = Debug|Any CPU
		{DCBF7B1B-8046-42D7-A09E-85E4E33DB886}.Release|Any CPU.ActiveCfg = Release|Any CPU
		{DCBF7B1B-8046-42D7-A09E-85E4E33DB886}.Release|Any CPU.Build.0 = Release|Any CPU
		{DCBF7B1B-8046-42D7-A09E-85E4E33DB886}.Release|x64.ActiveCfg = Release|Any CPU
		{DCBF7B1B-8046-42D7-A09E-85E4E33DB886}.Release|x64.Build.0 = Release|Any CPU
		{DCBF7B1B-8046-42D7-A09E-85E4E33DB886}.Release|x86.ActiveCfg = Release|Any CPU
		{DCBF7B1B-8046-42D7-A09E-85E4E33DB886}.Release|x86.Build.0 = Release|Any CPU
		{00775970-E66D-4266-A662-39EF80734CC5}.Debug|Any CPU.ActiveCfg = Debug|Any CPU
		{00775970-E66D-4266-A662-39EF80734CC5}.Debug|Any CPU.Build.0 = Debug|Any CPU
		{00775970-E66D-4266-A662-39EF80734CC5}.Debug|x64.ActiveCfg = Debug|Any CPU
		{00775970-E66D-4266-A662-39EF80734CC5}.Debug|x64.Build.0 = Debug|Any CPU
		{00775970-E66D-4266-A662-39EF80734CC5}.Debug|x86.ActiveCfg = Debug|Any CPU
		{00775970-E66D-4266-A662-39EF80734CC5}.Debug|x86.Build.0 = Debug|Any CPU
		{00775970-E66D-4266-A662-39EF80734CC5}.Release|Any CPU.ActiveCfg = Release|Any CPU
		{00775970-E66D-4266-A662-39EF80734CC5}.Release|Any CPU.Build.0 = Release|Any CPU
		{00775970-E66D-4266-A662-39EF80734CC5}.Release|x64.ActiveCfg = Release|Any CPU
		{00775970-E66D-4266-A662-39EF80734CC5}.Release|x64.Build.0 = Release|Any CPU
		{00775970-E66D-4266-A662-39EF80734CC5}.Release|x86.ActiveCfg = Release|Any CPU
		{00775970-E66D-4266-A662-39EF80734CC5}.Release|x86.Build.0 = Release|Any CPU
		{57A097A0-E29B-43C0-B605-9AB500198564}.Debug|Any CPU.ActiveCfg = Debug|Any CPU
		{57A097A0-E29B-43C0-B605-9AB500198564}.Debug|Any CPU.Build.0 = Debug|Any CPU
		{57A097A0-E29B-43C0-B605-9AB500198564}.Debug|x64.ActiveCfg = Debug|Any CPU
		{57A097A0-E29B-43C0-B605-9AB500198564}.Debug|x64.Build.0 = Debug|Any CPU
		{57A097A0-E29B-43C0-B605-9AB500198564}.Debug|x86.ActiveCfg = Debug|Any CPU
		{57A097A0-E29B-43C0-B605-9AB500198564}.Debug|x86.Build.0 = Debug|Any CPU
		{57A097A0-E29B-43C0-B605-9AB500198564}.Release|Any CPU.ActiveCfg = Release|Any CPU
		{57A097A0-E29B-43C0-B605-9AB500198564}.Release|Any CPU.Build.0 = Release|Any CPU
		{57A097A0-E29B-43C0-B605-9AB500198564}.Release|x64.ActiveCfg = Release|Any CPU
		{57A097A0-E29B-43C0-B605-9AB500198564}.Release|x64.Build.0 = Release|Any CPU
		{57A097A0-E29B-43C0-B605-9AB500198564}.Release|x86.ActiveCfg = Release|Any CPU
		{57A097A0-E29B-43C0-B605-9AB500198564}.Release|x86.Build.0 = Release|Any CPU
		{D9219AC3-A2B5-404E-AC5E-48FF514E8AB3}.Debug|Any CPU.ActiveCfg = Debug|Any CPU
		{D9219AC3-A2B5-404E-AC5E-48FF514E8AB3}.Debug|Any CPU.Build.0 = Debug|Any CPU
		{D9219AC3-A2B5-404E-AC5E-48FF514E8AB3}.Debug|x64.ActiveCfg = Debug|Any CPU
		{D9219AC3-A2B5-404E-AC5E-48FF514E8AB3}.Debug|x64.Build.0 = Debug|Any CPU
		{D9219AC3-A2B5-404E-AC5E-48FF514E8AB3}.Debug|x86.ActiveCfg = Debug|Any CPU
		{D9219AC3-A2B5-404E-AC5E-48FF514E8AB3}.Debug|x86.Build.0 = Debug|Any CPU
		{D9219AC3-A2B5-404E-AC5E-48FF514E8AB3}.Release|Any CPU.ActiveCfg = Release|Any CPU
		{D9219AC3-A2B5-404E-AC5E-48FF514E8AB3}.Release|Any CPU.Build.0 = Release|Any CPU
		{D9219AC3-A2B5-404E-AC5E-48FF514E8AB3}.Release|x64.ActiveCfg = Release|Any CPU
		{D9219AC3-A2B5-404E-AC5E-48FF514E8AB3}.Release|x64.Build.0 = Release|Any CPU
		{D9219AC3-A2B5-404E-AC5E-48FF514E8AB3}.Release|x86.ActiveCfg = Release|Any CPU
		{D9219AC3-A2B5-404E-AC5E-48FF514E8AB3}.Release|x86.Build.0 = Release|Any CPU
		{1A19AD99-4B50-4CF8-8454-5A0E39734162}.Debug|Any CPU.ActiveCfg = Debug|Any CPU
		{1A19AD99-4B50-4CF8-8454-5A0E39734162}.Debug|Any CPU.Build.0 = Debug|Any CPU
		{1A19AD99-4B50-4CF8-8454-5A0E39734162}.Debug|x64.ActiveCfg = Debug|Any CPU
		{1A19AD99-4B50-4CF8-8454-5A0E39734162}.Debug|x64.Build.0 = Debug|Any CPU
		{1A19AD99-4B50-4CF8-8454-5A0E39734162}.Debug|x86.ActiveCfg = Debug|Any CPU
		{1A19AD99-4B50-4CF8-8454-5A0E39734162}.Debug|x86.Build.0 = Debug|Any CPU
		{1A19AD99-4B50-4CF8-8454-5A0E39734162}.Release|Any CPU.ActiveCfg = Release|Any CPU
		{1A19AD99-4B50-4CF8-8454-5A0E39734162}.Release|Any CPU.Build.0 = Release|Any CPU
		{1A19AD99-4B50-4CF8-8454-5A0E39734162}.Release|x64.ActiveCfg = Release|Any CPU
		{1A19AD99-4B50-4CF8-8454-5A0E39734162}.Release|x64.Build.0 = Release|Any CPU
		{1A19AD99-4B50-4CF8-8454-5A0E39734162}.Release|x86.ActiveCfg = Release|Any CPU
		{1A19AD99-4B50-4CF8-8454-5A0E39734162}.Release|x86.Build.0 = Release|Any CPU
	EndGlobalSection
	GlobalSection(SolutionProperties) = preSolution
		HideSolutionNode = FALSE
	EndGlobalSection
	GlobalSection(NestedProjects) = preSolution
		{88D664E0-A7D5-4F12-A298-89B21BA533B4} = {827E0CD3-B72D-47B6-A68D-7590B98EB39B}
		{DCBF7B1B-8046-42D7-A09E-85E4E33DB886} = {827E0CD3-B72D-47B6-A68D-7590B98EB39B}
		{00775970-E66D-4266-A662-39EF80734CC5} = {827E0CD3-B72D-47B6-A68D-7590B98EB39B}
		{57A097A0-E29B-43C0-B605-9AB500198564} = {827E0CD3-B72D-47B6-A68D-7590B98EB39B}
		{D9219AC3-A2B5-404E-AC5E-48FF514E8AB3} = {827E0CD3-B72D-47B6-A68D-7590B98EB39B}
		{1A19AD99-4B50-4CF8-8454-5A0E39734162} = {0AB3BF05-4346-4AA6-1389-037BE0695223}
	EndGlobalSection
EndGlobal
